
Microsoft Visual Studio Solution File, Format Version 12.00
# Visual Studio Version 17
VisualStudioVersion = 17.11.35327.3
MinimumVisualStudioVersion = 10.0.40219.1
Project("{9A19103F-16F7-4668-BE54-9A1E7A4F7556}") = "ProductService", "ProductService\ProductService.csproj", "{06DD5ABF-FD2B-4CEB-AB6A-CF44602BF64F}"
EndProject
Project("{9A19103F-16F7-4668-BE54-9A1E7A4F7556}") = "API Gateway", "API Gateway\API Gateway.csproj", "{88554615-35C5-4FD3-89CD-DF8715BA84B7}"
EndProject
Global
	GlobalSection(SolutionConfigurationPlatforms) = preSolution
		Debug|Any CPU = Debug|Any CPU
		Release|Any CPU = Release|Any CPU
	EndGlobalSection
	GlobalSection(ProjectConfigurationPlatforms) = postSolution
		{06DD5ABF-FD2B-4CEB-AB6A-CF44602BF64F}.Debug|Any CPU.ActiveCfg = Debug|Any CPU
		{06DD5ABF-FD2B-4CEB-AB6A-CF44602BF64F}.Debug|Any CPU.Build.0 = Debug|Any CPU
		{06DD5ABF-FD2B-4CEB-AB6A-CF44602BF64F}.Release|Any CPU.ActiveCfg = Release|Any CPU
		{06DD5ABF-FD2B-4CEB-AB6A-CF44602BF64F}.Release|Any CPU.Build.0 = Release|Any CPU
		{88554615-35C5-4FD3-89CD-DF8715BA84B7}.Debug|Any CPU.ActiveCfg = Debug|Any CPU
		{88554615-35C5-4FD3-89CD-DF8715BA84B7}.Debug|Any CPU.Build.0 = Debug|Any CPU
		{88554615-35C5-4FD3-89CD-DF8715BA84B7}.Release|Any CPU.ActiveCfg = Release|Any CPU
		{88554615-35C5-4FD3-89CD-DF8715BA84B7}.Release|Any CPU.Build.0 = Release|Any CPU
	EndGlobalSection
	GlobalSection(SolutionProperties) = preSolution
		HideSolutionNode = FALSE
	EndGlobalSection
	GlobalSection(ExtensibilityGlobals) = postSolution
		SolutionGuid = {19A91F41-F2C1-4677-B5D1-FBC35FE9B1A2}
	EndGlobalSection
EndGlobal
