
Microsoft Visual Studio Solution File, Format Version 12.00
# Visual Studio Version 17
VisualStudioVersion = 17.11.35312.102
MinimumVisualStudioVersion = 10.0.40219.1
Project("{9A19103F-16F7-4668-BE54-9A1E7A4F7556}") = "Ecommerce.userManage.Api", "Ecommerce.userManage.Api.csproj", "{2DAC6179-B025-49F0-95BE-8ECB7540BF26}"
EndProject
Project("{9A19103F-16F7-4668-BE54-9A1E7A4F7556}") = "Ecommerce.userManage.Application", "..\Ecommerce.userManage.Application\Ecommerce.userManage.Application.csproj", "{8250A080-F8DB-4BF3-BA6A-3E90160C01F9}"
EndProject
Project("{9A19103F-16F7-4668-BE54-9A1E7A4F7556}") = "Ecommerce.userManage.Domain", "..\Ecommerce.userManage.Domain\Ecommerce.userManage.Domain.csproj", "{4CB0EA54-2258-4DBE-9587-2AA47E7F9C4D}"
EndProject
Project("{9A19103F-16F7-4668-BE54-9A1E7A4F7556}") = "Ecommerce.userManage.Infrastructure", "..\Ecommerce.userManage.Infrastructure\Ecommerce.userManage.Infrastructure.csproj", "{FA024DDD-2683-4356-9FB7-012A664AF8AA}"
EndProject
Project("{2150E333-8FDC-42A3-9474-1A3956D46DE8}") = "Solution Items", "Solution Items", "{8A753DCE-1FC5-48C1-8C5F-92F30DA10BD5}"
	ProjectSection(SolutionItems) = preProject
		.gitignore = .gitignore
	EndProjectSection
EndProject
Project("{2150E333-8FDC-42A3-9474-1A3956D46DE8}") = "OrderProcessing", "OrderProcessing", "{95338972-56D4-4C67-BB38-D045304CEE5F}"
EndProject
Project("{FAE04EC0-301F-11D3-BF4B-00C04F79EFBC}") = "Ecommerce.OrderProcessing.API", "..\Ecommerce.OrderProcessing.API\Ecommerce.OrderProcessing.API.csproj", "{4EED2D70-4B5D-4CD1-9F4A-519CE6FCA0EB}"
EndProject
Project("{FAE04EC0-301F-11D3-BF4B-00C04F79EFBC}") = "Ecommerce.OrderProcessing.Application", "..\Ecommerce.OrderProcessing.Application\Ecommerce.OrderProcessing.Application.csproj", "{EF6406C1-F8F5-49FA-AE84-686732B192B2}"
EndProject
Project("{FAE04EC0-301F-11D3-BF4B-00C04F79EFBC}") = "Ecommerce.OrderProcessing.Domain", "..\Ecommerce.OrderProcessing.Domain\Ecommerce.OrderProcessing.Domain.csproj", "{59F0E9BC-1753-470F-BC34-ADD20FC745D4}"
EndProject
Project("{FAE04EC0-301F-11D3-BF4B-00C04F79EFBC}") = "Ecommerce.OrderProcessing.Infrastructure", "..\Ecommerce.OrderProcessing.Infrastructure\Ecommerce.OrderProcessing.Infrastructure.csproj", "{4E8EB8DB-40BA-4E73-BA50-1F8252B1B413}"
EndProject
Global
	GlobalSection(SolutionConfigurationPlatforms) = preSolution
		Debug|Any CPU = Debug|Any CPU
		Release|Any CPU = Release|Any CPU
	EndGlobalSection
	GlobalSection(ProjectConfigurationPlatforms) = postSolution
		{2DAC6179-B025-49F0-95BE-8ECB7540BF26}.Debug|Any CPU.ActiveCfg = Debug|Any CPU
		{2DAC6179-B025-49F0-95BE-8ECB7540BF26}.Debug|Any CPU.Build.0 = Debug|Any CPU
		{2DAC6179-B025-49F0-95BE-8ECB7540BF26}.Release|Any CPU.ActiveCfg = Release|Any CPU
		{2DAC6179-B025-49F0-95BE-8ECB7540BF26}.Release|Any CPU.Build.0 = Release|Any CPU
		{8250A080-F8DB-4BF3-BA6A-3E90160C01F9}.Debug|Any CPU.ActiveCfg = Debug|Any CPU
		{8250A080-F8DB-4BF3-BA6A-3E90160C01F9}.Debug|Any CPU.Build.0 = Debug|Any CPU
		{8250A080-F8DB-4BF3-BA6A-3E90160C01F9}.Release|Any CPU.ActiveCfg = Release|Any CPU
		{8250A080-F8DB-4BF3-BA6A-3E90160C01F9}.Release|Any CPU.Build.0 = Release|Any CPU
		{4CB0EA54-2258-4DBE-9587-2AA47E7F9C4D}.Debug|Any CPU.ActiveCfg = Debug|Any CPU
		{4CB0EA54-2258-4DBE-9587-2AA47E7F9C4D}.Debug|Any CPU.Build.0 = Debug|Any CPU
		{4CB0EA54-2258-4DBE-9587-2AA47E7F9C4D}.Release|Any CPU.ActiveCfg = Release|Any CPU
		{4CB0EA54-2258-4DBE-9587-2AA47E7F9C4D}.Release|Any CPU.Build.0 = Release|Any CPU
		{FA024DDD-2683-4356-9FB7-012A664AF8AA}.Debug|Any CPU.ActiveCfg = Debug|Any CPU
		{FA024DDD-2683-4356-9FB7-012A664AF8AA}.Debug|Any CPU.Build.0 = Debug|Any CPU
		{FA024DDD-2683-4356-9FB7-012A664AF8AA}.Release|Any CPU.ActiveCfg = Release|Any CPU
		{FA024DDD-2683-4356-9FB7-012A664AF8AA}.Release|Any CPU.Build.0 = Release|Any CPU
		{4EED2D70-4B5D-4CD1-9F4A-519CE6FCA0EB}.Debug|Any CPU.ActiveCfg = Debug|Any CPU
		{4EED2D70-4B5D-4CD1-9F4A-519CE6FCA0EB}.Debug|Any CPU.Build.0 = Debug|Any CPU
		{4EED2D70-4B5D-4CD1-9F4A-519CE6FCA0EB}.Release|Any CPU.ActiveCfg = Release|Any CPU
		{4EED2D70-4B5D-4CD1-9F4A-519CE6FCA0EB}.Release|Any CPU.Build.0 = Release|Any CPU
		{EF6406C1-F8F5-49FA-AE84-686732B192B2}.Debug|Any CPU.ActiveCfg = Debug|Any CPU
		{EF6406C1-F8F5-49FA-AE84-686732B192B2}.Debug|Any CPU.Build.0 = Debug|Any CPU
		{EF6406C1-F8F5-49FA-AE84-686732B192B2}.Release|Any CPU.ActiveCfg = Release|Any CPU
		{EF6406C1-F8F5-49FA-AE84-686732B192B2}.Release|Any CPU.Build.0 = Release|Any CPU
		{59F0E9BC-1753-470F-BC34-ADD20FC745D4}.Debug|Any CPU.ActiveCfg = Debug|Any CPU
		{59F0E9BC-1753-470F-BC34-ADD20FC745D4}.Debug|Any CPU.Build.0 = Debug|Any CPU
		{59F0E9BC-1753-470F-BC34-ADD20FC745D4}.Release|Any CPU.ActiveCfg = Release|Any CPU
		{59F0E9BC-1753-470F-BC34-ADD20FC745D4}.Release|Any CPU.Build.0 = Release|Any CPU
		{4E8EB8DB-40BA-4E73-BA50-1F8252B1B413}.Debug|Any CPU.ActiveCfg = Debug|Any CPU
		{4E8EB8DB-40BA-4E73-BA50-1F8252B1B413}.Debug|Any CPU.Build.0 = Debug|Any CPU
		{4E8EB8DB-40BA-4E73-BA50-1F8252B1B413}.Release|Any CPU.ActiveCfg = Release|Any CPU
		{4E8EB8DB-40BA-4E73-BA50-1F8252B1B413}.Release|Any CPU.Build.0 = Release|Any CPU
	EndGlobalSection
	GlobalSection(SolutionProperties) = preSolution
		HideSolutionNode = FALSE
	EndGlobalSection
	GlobalSection(NestedProjects) = preSolution
		{4EED2D70-4B5D-4CD1-9F4A-519CE6FCA0EB} = {95338972-56D4-4C67-BB38-D045304CEE5F}
		{EF6406C1-F8F5-49FA-AE84-686732B192B2} = {95338972-56D4-4C67-BB38-D045304CEE5F}
		{59F0E9BC-1753-470F-BC34-ADD20FC745D4} = {95338972-56D4-4C67-BB38-D045304CEE5F}
		{4E8EB8DB-40BA-4E73-BA50-1F8252B1B413} = {95338972-56D4-4C67-BB38-D045304CEE5F}
	EndGlobalSection
	GlobalSection(ExtensibilityGlobals) = postSolution
		SolutionGuid = {2AC1C69A-CBFB-4C14-BCA8-A440ECC1B0FE}
	EndGlobalSection
EndGlobal
